<?xml version="1.0" encoding="utf-8"?>
<Project ToolsVersion="4.0" xmlns="http://schemas.microsoft.com/developer/msbuild/2003">
  <ItemGroup>
    <Filter Include="Source Files">
      <UniqueIdentifier>{4FC737F1-C7A5-4376-A066-2A32D752A2FF}</UniqueIdentifier>
      <Extensions>cpp;c;cc;cxx;def;odl;idl;hpj;bat;asm;asmx</Extensions>
    </Filter>
    <Filter Include="Toolkit">
      <UniqueIdentifier>{ef8aa0cb-6643-48e0-90a3-56498d3da09e}</UniqueIdentifier>
    </Filter>
    <Filter Include="Toolkit\Office">
      <UniqueIdentifier>{17d8b0f8-13c6-4187-9644-25f178f72cab}</UniqueIdentifier>
    </Filter>
    <Filter Include="Toolkit\Office\Excel">
      <UniqueIdentifier>{88749e4f-061a-43be-8d75-d07fbcd98342}</UniqueIdentifier>
    </Filter>
    <Filter Include="Toolkit\Office\Word">
      <UniqueIdentifier>{0036cb6b-5241-43b6-bbb9-1214c965a8e9}</UniqueIdentifier>
    </Filter>
    <Filter Include="Toolkit\LibCurl">
      <UniqueIdentifier>{458f7c07-a68f-4fe5-9159-f7c44a38ed20}</UniqueIdentifier>
    </Filter>
    <Filter Include="Toolkit\Sqlite">
      <UniqueIdentifier>{f4ef45e9-1946-4ab3-ac05-ac1613dcfa9f}</UniqueIdentifier>
    </Filter>
  </ItemGroup>
  <ItemGroup>
    <ClCompile Include="ToolkitTest.cpp">
      <Filter>Source Files</Filter>
    </ClCompile>
    <ClCompile Include="Toolkit\Office\Excel\Excel.cpp">
      <Filter>Toolkit\Office\Excel</Filter>
    </ClCompile>
    <ClCompile Include="Toolkit\Office\Word\Word.cpp">
      <Filter>Toolkit\Office\Word</Filter>
    </ClCompile>
    <ClCompile Include="Toolkit\Office\Word\WordProcessingCompiler.cpp">
      <Filter>Toolkit\Office\Word</Filter>
    </ClCompile>
    <ClCompile Include="Toolkit\Office\Word\WordProcessingMerger.cpp">
      <Filter>Toolkit\Office\Word</Filter>
    </ClCompile>
    <ClCompile Include="Toolkit\Sqlite\SqliteDB.cpp">
      <Filter>Toolkit\Sqlite</Filter>
    </ClCompile>
    <ClCompile Include="Toolkit\LibCurl\LibCurl.cpp">
      <Filter>Toolkit\LibCurl</Filter>
    </ClCompile>
  </ItemGroup>
  <ItemGroup>
    <ClInclude Include="Toolkit\Office\Excel\Excel.h">
      <Filter>Toolkit\Office\Excel</Filter>
    </ClInclude>
    <ClInclude Include="Toolkit\Office\Excel\IExcel.h">
      <Filter>Toolkit\Office\Excel</Filter>
    </ClInclude>
    <ClInclude Include="Toolkit\Office\Word\IWord.h">
      <Filter>Toolkit\Office\Word</Filter>
    </ClInclude>
    <ClInclude Include="Toolkit\Office\Word\Word.h">
      <Filter>Toolkit\Office\Word</Filter>
    </ClInclude>
    <ClInclude Include="Toolkit\Office\Word\WordProcessingCompiler.h">
      <Filter>Toolkit\Office\Word</Filter>
    </ClInclude>
    <ClInclude Include="Toolkit\Office\Word\WordProcessingMerger.h">
      <Filter>Toolkit\Office\Word</Filter>
    </ClInclude>
    <ClInclude Include="Toolkit\Sqlite\SqliteDB.h">
      <Filter>Toolkit\Sqlite</Filter>
    </ClInclude>
    <ClInclude Include="Toolkit\LibCurl\ILibCurl.h">
      <Filter>Toolkit\LibCurl</Filter>
    </ClInclude>
    <ClInclude Include="Toolkit\LibCurl\LibCurl.h">
      <Filter>Toolkit\LibCurl</Filter>
    </ClInclude>
  </ItemGroup>
</Project>